
Microsoft Visual Studio Solution File, Format Version 12.00
# Visual Studio Version 17
VisualStudioVersion = 17.5.002.0
MinimumVisualStudioVersion = 10.0.40219.1
Project("{9A19103F-16F7-4668-BE54-9A1E7A4F7556}") = "Willgoods", "Willgoods.csproj", "{6ABEDD6D-6153-474C-8792-E9AC3B97B2D7}"
EndProject
Global
	GlobalSection(SolutionConfigurationPlatforms) = preSolution
		Debug|Any CPU = Debug|Any CPU
		Release|Any CPU = Release|Any CPU
	EndGlobalSection
	GlobalSection(ProjectConfigurationPlatforms) = postSolution
		{6ABEDD6D-6153-474C-8792-E9AC3B97B2D7}.Debug|Any CPU.ActiveCfg = Debug|Any CPU
		{6ABEDD6D-6153-474C-8792-E9AC3B97B2D7}.Debug|Any CPU.Build.0 = Debug|Any CPU
		{6ABEDD6D-6153-474C-8792-E9AC3B97B2D7}.Release|Any CPU.ActiveCfg = Release|Any CPU
		{6ABEDD6D-6153-474C-8792-E9AC3B97B2D7}.Release|Any CPU.Build.0 = Release|Any CPU
	EndGlobalSection
	GlobalSection(SolutionProperties) = preSolution
		HideSolutionNode = FALSE
	EndGlobalSection
	GlobalSection(ExtensibilityGlobals) = postSolution
		SolutionGuid = {447D6898-DFF0-4DC6-9713-092F680E639F}
	EndGlobalSection
EndGlobal
